
Microsoft Visual Studio Solution File, Format Version 12.00
# Visual Studio Version 17
VisualStudioVersion = 17.14.36717.8 d17.14
MinimumVisualStudioVersion = 10.0.40219.1
Project("{FAE04EC0-301F-11D3-BF4B-00C04F79EFBC}") = "CampusAdminWeb", "CampusAdminWeb\CampusAdminWeb\CampusAdminWeb.csproj", "{8AE883EB-D889-499B-98C9-D5284768A993}"
EndProject
Project("{FAE04EC0-301F-11D3-BF4B-00C04F79EFBC}") = "CampusAdminWeb.Client", "CampusAdminWeb\CampusAdminWeb.Client\CampusAdminWeb.Client.csproj", "{EA253691-0724-435E-A4A6-1AAD649BC231}"
EndProject
Global
	GlobalSection(SolutionConfigurationPlatforms) = preSolution
		Debug|Any CPU = Debug|Any CPU
		Release|Any CPU = Release|Any CPU
	EndGlobalSection
	GlobalSection(ProjectConfigurationPlatforms) = postSolution
		{8AE883EB-D889-499B-98C9-D5284768A993}.Debug|Any CPU.ActiveCfg = Debug|Any CPU
		{8AE883EB-D889-499B-98C9-D5284768A993}.Debug|Any CPU.Build.0 = Debug|Any CPU
		{8AE883EB-D889-499B-98C9-D5284768A993}.Release|Any CPU.ActiveCfg = Release|Any CPU
		{8AE883EB-D889-499B-98C9-D5284768A993}.Release|Any CPU.Build.0 = Release|Any CPU
		{EA253691-0724-435E-A4A6-1AAD649BC231}.Debug|Any CPU.ActiveCfg = Debug|Any CPU
		{EA253691-0724-435E-A4A6-1AAD649BC231}.Debug|Any CPU.Build.0 = Debug|Any CPU
		{EA253691-0724-435E-A4A6-1AAD649BC231}.Release|Any CPU.ActiveCfg = Release|Any CPU
		{EA253691-0724-435E-A4A6-1AAD649BC231}.Release|Any CPU.Build.0 = Release|Any CPU
	EndGlobalSection
	GlobalSection(SolutionProperties) = preSolution
		HideSolutionNode = FALSE
	EndGlobalSection
	GlobalSection(ExtensibilityGlobals) = postSolution
		SolutionGuid = {753DA7E2-F331-4431-AFB4-92211376C641}
	EndGlobalSection
EndGlobal
